
Microsoft Visual Studio Solution File, Format Version 12.00
# Visual Studio Version 17
VisualStudioVersion = 17.9.34607.119
MinimumVisualStudioVersion = 10.0.40219.1
Project("{FAE04EC0-301F-11D3-BF4B-00C04F79EFBC}") = "PRN231_Server", "PRN231_Server\PRN231_Server.csproj", "{AAAF2E36-94A7-463F-9E18-333F4E30C27C}"
EndProject
Project("{FAE04EC0-301F-11D3-BF4B-00C04F79EFBC}") = "Repositories", "Repositories\Repositories.csproj", "{9ACE7E1C-75D8-4ADE-882C-7DCEE31C5523}"
EndProject
Project("{FAE04EC0-301F-11D3-BF4B-00C04F79EFBC}") = "BussinessObjects", "BussinessObjects\BussinessObjects.csproj", "{2D31AA20-F691-4BF7-B685-91834BE76830}"
EndProject
Global
	GlobalSection(SolutionConfigurationPlatforms) = preSolution
		Debug|Any CPU = Debug|Any CPU
		Release|Any CPU = Release|Any CPU
	EndGlobalSection
	GlobalSection(ProjectConfigurationPlatforms) = postSolution
		{AAAF2E36-94A7-463F-9E18-333F4E30C27C}.Debug|Any CPU.ActiveCfg = Debug|Any CPU
		{AAAF2E36-94A7-463F-9E18-333F4E30C27C}.Debug|Any CPU.Build.0 = Debug|Any CPU
		{AAAF2E36-94A7-463F-9E18-333F4E30C27C}.Release|Any CPU.ActiveCfg = Release|Any CPU
		{AAAF2E36-94A7-463F-9E18-333F4E30C27C}.Release|Any CPU.Build.0 = Release|Any CPU
		{9ACE7E1C-75D8-4ADE-882C-7DCEE31C5523}.Debug|Any CPU.ActiveCfg = Debug|Any CPU
		{9ACE7E1C-75D8-4ADE-882C-7DCEE31C5523}.Debug|Any CPU.Build.0 = Debug|Any CPU
		{9ACE7E1C-75D8-4ADE-882C-7DCEE31C5523}.Release|Any CPU.ActiveCfg = Release|Any CPU
		{9ACE7E1C-75D8-4ADE-882C-7DCEE31C5523}.Release|Any CPU.Build.0 = Release|Any CPU
		{2D31AA20-F691-4BF7-B685-91834BE76830}.Debug|Any CPU.ActiveCfg = Debug|Any CPU
		{2D31AA20-F691-4BF7-B685-91834BE76830}.Debug|Any CPU.Build.0 = Debug|Any CPU
		{2D31AA20-F691-4BF7-B685-91834BE76830}.Release|Any CPU.ActiveCfg = Release|Any CPU
		{2D31AA20-F691-4BF7-B685-91834BE76830}.Release|Any CPU.Build.0 = Release|Any CPU
	EndGlobalSection
	GlobalSection(SolutionProperties) = preSolution
		HideSolutionNode = FALSE
	EndGlobalSection
	GlobalSection(ExtensibilityGlobals) = postSolution
		SolutionGuid = {C3FD00AE-4D3E-47BC-9D1A-8747FD2EE249}
	EndGlobalSection
EndGlobal
